
Microsoft Visual Studio Solution File, Format Version 12.00
# Visual Studio Version 17
VisualStudioVersion = 17.0.31903.59
MinimumVisualStudioVersion = 10.0.40219.1
Project("{FAE04EC0-301F-11D3-BF4B-00C04F79EFBC}") = "ValidWords", "ValidWords\ValidWords.csproj", "{9995A780-28B6-41BE-968C-9E77FC01ADDD}"
EndProject
Project("{FAE04EC0-301F-11D3-BF4B-00C04F79EFBC}") = "ValidWordsTest", "ValidWordsTest\ValidWordsTest.csproj", "{DC482D7B-4120-4903-9C1C-5BF17EB2EFB0}"
EndProject
Global
	GlobalSection(SolutionConfigurationPlatforms) = preSolution
		Debug|Any CPU = Debug|Any CPU
		Release|Any CPU = Release|Any CPU
	EndGlobalSection
	GlobalSection(SolutionProperties) = preSolution
		HideSolutionNode = FALSE
	EndGlobalSection
	GlobalSection(ProjectConfigurationPlatforms) = postSolution
		{9995A780-28B6-41BE-968C-9E77FC01ADDD}.Debug|Any CPU.ActiveCfg = Debug|Any CPU
		{9995A780-28B6-41BE-968C-9E77FC01ADDD}.Debug|Any CPU.Build.0 = Debug|Any CPU
		{9995A780-28B6-41BE-968C-9E77FC01ADDD}.Release|Any CPU.ActiveCfg = Release|Any CPU
		{9995A780-28B6-41BE-968C-9E77FC01ADDD}.Release|Any CPU.Build.0 = Release|Any CPU
		{DC482D7B-4120-4903-9C1C-5BF17EB2EFB0}.Debug|Any CPU.ActiveCfg = Debug|Any CPU
		{DC482D7B-4120-4903-9C1C-5BF17EB2EFB0}.Debug|Any CPU.Build.0 = Debug|Any CPU
		{DC482D7B-4120-4903-9C1C-5BF17EB2EFB0}.Release|Any CPU.ActiveCfg = Release|Any CPU
		{DC482D7B-4120-4903-9C1C-5BF17EB2EFB0}.Release|Any CPU.Build.0 = Release|Any CPU
	EndGlobalSection
EndGlobal
